
Microsoft Visual Studio Solution File, Format Version 12.00
# Visual Studio Version 17
VisualStudioVersion = 17.11.35327.3
MinimumVisualStudioVersion = 10.0.40219.1
Project("{151D2E53-A2C4-4D7D-83FE-D05416EBD58E}") = "AzureKey", "AzureKey\AzureKey.deployproj", "{5ED2E957-1506-43D2-B99C-B44E3D3978E0}"
EndProject
Global
	GlobalSection(SolutionConfigurationPlatforms) = preSolution
		Debug|Any CPU = Debug|Any CPU
		Release|Any CPU = Release|Any CPU
	EndGlobalSection
	GlobalSection(ProjectConfigurationPlatforms) = postSolution
		{5ED2E957-1506-43D2-B99C-B44E3D3978E0}.Debug|Any CPU.ActiveCfg = Debug|Any CPU
		{5ED2E957-1506-43D2-B99C-B44E3D3978E0}.Debug|Any CPU.Build.0 = Debug|Any CPU
		{5ED2E957-1506-43D2-B99C-B44E3D3978E0}.Release|Any CPU.ActiveCfg = Release|Any CPU
		{5ED2E957-1506-43D2-B99C-B44E3D3978E0}.Release|Any CPU.Build.0 = Release|Any CPU
	EndGlobalSection
	GlobalSection(SolutionProperties) = preSolution
		HideSolutionNode = FALSE
	EndGlobalSection
	GlobalSection(ExtensibilityGlobals) = postSolution
		SolutionGuid = {3E03E9C2-11A8-4413-9C7D-52144FC8F6B6}
	EndGlobalSection
EndGlobal
